
Microsoft Visual Studio Solution File, Format Version 11.00
# Visual Studio 2010
Project("{FAE04EC0-301F-11D3-BF4B-00C04F79EFBC}") = "Assembly-CSharp", "Assembly-CSharp.csproj", "{AC3ECCDD-F789-5E3E-B2DB-BB2FA3B1CB71}"
EndProject
Global
	GlobalSection(SolutionConfigurationPlatforms) = preSolution
		Debug|Any CPU = Debug|Any CPU
		Release|Any CPU = Release|Any CPU
	EndGlobalSection
	GlobalSection(ProjectConfigurationPlatforms) = postSolution
		{AC3ECCDD-F789-5E3E-B2DB-BB2FA3B1CB71}.Debug|Any CPU.ActiveCfg = Debug|Any CPU
		{AC3ECCDD-F789-5E3E-B2DB-BB2FA3B1CB71}.Debug|Any CPU.Build.0 = Debug|Any CPU
		{AC3ECCDD-F789-5E3E-B2DB-BB2FA3B1CB71}.Release|Any CPU.ActiveCfg = Release|Any CPU
		{AC3ECCDD-F789-5E3E-B2DB-BB2FA3B1CB71}.Release|Any CPU.Build.0 = Release|Any CPU
	EndGlobalSection
	GlobalSection(SolutionProperties) = preSolution
		HideSolutionNode = FALSE
	EndGlobalSection
EndGlobal
